
Microsoft Visual Studio Solution File, Format Version 12.00
# Visual Studio 2013
VisualStudioVersion = 12.0.31101.0
MinimumVisualStudioVersion = 10.0.40219.1
Project("{8BC9CEB8-8B4A-11D0-8D11-00A0C91BC942}") = "Tut4-MyStack", "Tut4-MyStack\Tut4-MyStack.vcxproj", "{22EE295F-3FCC-46DD-B316-FA1CCF537CD1}"
EndProject
Global
	GlobalSection(SolutionConfigurationPlatforms) = preSolution
		Debug|Win32 = Debug|Win32
		Release|Win32 = Release|Win32
	EndGlobalSection
	GlobalSection(ProjectConfigurationPlatforms) = postSolution
		{22EE295F-3FCC-46DD-B316-FA1CCF537CD1}.Debug|Win32.ActiveCfg = Debug|Win32
		{22EE295F-3FCC-46DD-B316-FA1CCF537CD1}.Debug|Win32.Build.0 = Debug|Win32
		{22EE295F-3FCC-46DD-B316-FA1CCF537CD1}.Release|Win32.ActiveCfg = Release|Win32
		{22EE295F-3FCC-46DD-B316-FA1CCF537CD1}.Release|Win32.Build.0 = Release|Win32
	EndGlobalSection
	GlobalSection(SolutionProperties) = preSolution
		HideSolutionNode = FALSE
	EndGlobalSection
EndGlobal
